
Microsoft Visual Studio Solution File, Format Version 12.00
# Visual Studio 2013
VisualStudioVersion = 12.0.40629.0
MinimumVisualStudioVersion = 10.0.40219.1
Project("{FAE04EC0-301F-11D3-BF4B-00C04F79EFBC}") = "MvcUnitMockTest", "MvcUnitMockTest\MvcUnitMockTest.csproj", "{77428B89-6005-4632-934D-E25804D8579E}"
EndProject
Project("{FAE04EC0-301F-11D3-BF4B-00C04F79EFBC}") = "MvcUnitMockTest.Tests", "MvcUnitMockTest.Tests\MvcUnitMockTest.Tests.csproj", "{0D272067-FE41-4448-A8A9-80918574B3A2}"
EndProject
Global
	GlobalSection(SolutionConfigurationPlatforms) = preSolution
		Debug|Any CPU = Debug|Any CPU
		Release|Any CPU = Release|Any CPU
	EndGlobalSection
	GlobalSection(ProjectConfigurationPlatforms) = postSolution
		{77428B89-6005-4632-934D-E25804D8579E}.Debug|Any CPU.ActiveCfg = Debug|Any CPU
		{77428B89-6005-4632-934D-E25804D8579E}.Debug|Any CPU.Build.0 = Debug|Any CPU
		{77428B89-6005-4632-934D-E25804D8579E}.Release|Any CPU.ActiveCfg = Release|Any CPU
		{77428B89-6005-4632-934D-E25804D8579E}.Release|Any CPU.Build.0 = Release|Any CPU
		{0D272067-FE41-4448-A8A9-80918574B3A2}.Debug|Any CPU.ActiveCfg = Debug|Any CPU
		{0D272067-FE41-4448-A8A9-80918574B3A2}.Debug|Any CPU.Build.0 = Debug|Any CPU
		{0D272067-FE41-4448-A8A9-80918574B3A2}.Release|Any CPU.ActiveCfg = Release|Any CPU
		{0D272067-FE41-4448-A8A9-80918574B3A2}.Release|Any CPU.Build.0 = Release|Any CPU
	EndGlobalSection
	GlobalSection(SolutionProperties) = preSolution
		HideSolutionNode = FALSE
	EndGlobalSection
EndGlobal
